// !$*UTF8*$!
{
	archiveVersion = 1;
	classes = {
	};
	objectVersion = 51;
	objects = {

/* Begin PBXBuildFile section */
		68226CAAD598B5BA5C8FEBFC /* Pods_Animation.framework in Frameworks */ = {isa = PBXBuildFile; fileRef = 00779A7AC41D3C5C43E1B846 /* Pods_Animation.framework */; };
		FEA5AEFB23338D6B000C081E /* AppDelegate.swift in Sources */ = {isa = PBXBuildFile; fileRef = FEA5AEFA23338D6B000C081E /* AppDelegate.swift */; };
		FEA5AEFD23338D6B000C081E /* ViewController.swift in Sources */ = {isa = PBXBuildFile; fileRef = FEA5AEFC23338D6B000C081E /* ViewController.swift */; };
		FEA5AF0023338D6B000C081E /* Main.storyboard in Resources */ = {isa = PBXBuildFile; fileRef = FEA5AEFE23338D6B000C081E /* Main.storyboard */; };
		FEA5AF0223338D74000C081E /* Assets.xcassets in Resources */ = {isa = PBXBuildFile; fileRef = FEA5AF0123338D74000C081E /* Assets.xcassets */; };
		FEA5AF0523338D74000C081E /* LaunchScreen.storyboard in Resources */ = {isa = PBXBuildFile; fileRef = FEA5AF0323338D74000C081E /* LaunchScreen.storyboard */; };
		FEA5AF0D23339039000C081E /* 9512-boat.json in Resources */ = {isa = PBXBuildFile; fileRef = FEA5AF0C23339039000C081E /* 9512-boat.json */; };
/* End PBXBuildFile section */

/* Begin PBXFileReference section */
		00779A7AC41D3C5C43E1B846 /* Pods_Animation.framework */ = {isa = PBXFileReference; explicitFileType = wrapper.framework; includeInIndex = 0; path = Pods_Animation.framework; sourceTree = BUILT_PRODUCTS_DIR; };
		A58CFC31979A55F965A5F356 /* Pods-Animation.release.xcconfig */ = {isa = PBXFileReference; includeInIndex = 1; lastKnownFileType = text.xcconfig; name = "Pods-Animation.release.xcconfig"; path = "Target Support Files/Pods-Animation/Pods-Animation.release.xcconfig"; sourceTree = "<group>"; };
		BC9A846A7497F56B8B87CC27 /* Pods-Animation.debug.xcconfig */ = {isa = PBXFileReference; includeInIndex = 1; lastKnownFileType = text.xcconfig; name = "Pods-Animation.debug.xcconfig"; path = "Target Support Files/Pods-Animation/Pods-Animation.debug.xcconfig"; sourceTree = "<group>"; };
		FEA5AEF723338D6B000C081E /* Animation.app */ = {isa = PBXFileReference; explicitFileType = wrapper.application; includeInIndex = 0; path = Animation.app; sourceTree = BUILT_PRODUCTS_DIR; };
		FEA5AEFA23338D6B000C081E /* AppDelegate.swift */ = {isa = PBXFileReference; lastKnownFileType = sourcecode.swift; path = AppDelegate.swift; sourceTree = "<group>"; };
		FEA5AEFC23338D6B000C081E /* ViewController.swift */ = {isa = PBXFileReference; lastKnownFileType = sourcecode.swift; path = ViewController.swift; sourceTree = "<group>"; };
		FEA5AEFF23338D6B000C081E /* Base */ = {isa = PBXFileReference; lastKnownFileType = file.storyboard; name = Base; path = Base.lproj/Main.storyboard; sourceTree = "<group>"; };
		FEA5AF0123338D74000C081E /* Assets.xcassets */ = {isa = PBXFileReference; lastKnownFileType = folder.assetcatalog; path = Assets.xcassets; sourceTree = "<group>"; };
		FEA5AF0423338D74000C081E /* Base */ = {isa = PBXFileReference; lastKnownFileType = file.storyboard; name = Base; path = Base.lproj/LaunchScreen.storyboard; sourceTree = "<group>"; };
		FEA5AF0623338D74000C081E /* Info.plist */ = {isa = PBXFileReference; lastKnownFileType = text.plist.xml; path = Info.plist; sourceTree = "<group>"; };
		FEA5AF0C23339039000C081E /* 9512-boat.json */ = {isa = PBXFileReference; fileEncoding = 4; lastKnownFileType = text.json; name = "9512-boat.json"; path = "../../../Downloads/9512-boat.json"; sourceTree = "<group>"; };
/* End PBXFileReference section */

/* Begin PBXFrameworksBuildPhase section */
		FEA5AEF423338D6B000C081E /* Frameworks */ = {
			isa = PBXFrameworksBuildPhase;
			buildActionMask = 2147483647;
			files = (
				68226CAAD598B5BA5C8FEBFC /* Pods_Animation.framework in Frameworks */,
			);
			runOnlyForDeploymentPostprocessing = 0;
		};
/* End PBXFrameworksBuildPhase section */

/* Begin PBXGroup section */
		178757A32345F31B228B577E /* Pods */ = {
			isa = PBXGroup;
			children = (
				BC9A846A7497F56B8B87CC27 /* Pods-Animation.debug.xcconfig */,
				A58CFC31979A55F965A5F356 /* Pods-Animation.release.xcconfig */,
			);
			path = Pods;
			sourceTree = "<group>";
		};
		E9FECEE6B1B0F5247C8C42D0 /* Frameworks */ = {
			isa = PBXGroup;
			children = (
				00779A7AC41D3C5C43E1B846 /* Pods_Animation.framework */,
			);
			name = Frameworks;
			sourceTree = "<group>";
		};
		FEA5AEEE23338D6B000C081E = {
			isa = PBXGroup;
			children = (
				FEA5AEF923338D6B000C081E /* Animation */,
				FEA5AEF823338D6B000C081E /* Products */,
				178757A32345F31B228B577E /* Pods */,
				E9FECEE6B1B0F5247C8C42D0 /* Frameworks */,
			);
			sourceTree = "<group>";
		};
		FEA5AEF823338D6B000C081E /* Products */ = {
			isa = PBXGroup;
			children = (
				FEA5AEF723338D6B000C081E /* Animation.app */,
			);
			name = Products;
			sourceTree = "<group>";
		};
		FEA5AEF923338D6B000C081E /* Animation */ = {
			isa = PBXGroup;
			children = (
				FEA5AEFA23338D6B000C081E /* AppDelegate.swift */,
				FEA5AEFC23338D6B000C081E /* ViewController.swift */,
				FEA5AF0C23339039000C081E /* 9512-boat.json */,
				FEA5AEFE23338D6B000C081E /* Main.storyboard */,
				FEA5AF0123338D74000C081E /* Assets.xcassets */,
				FEA5AF0323338D74000C081E /* LaunchScreen.storyboard */,
				FEA5AF0623338D74000C081E /* Info.plist */,
			);
			path = Animation;
			sourceTree = "<group>";
		};
/* End PBXGroup section */

/* Begin PBXNativeTarget section */
		FEA5AEF623338D6B000C081E /* Animation */ = {
			isa = PBXNativeTarget;
			buildConfigurationList = FEA5AF0923338D74000C081E /* Build configuration list for PBXNativeTarget "Animation" */;
			buildPhases = (
				6B3ECD7D49DBA62E7BE164DE /* [CP] Check Pods Manifest.lock */,
				FEA5AEF323338D6B000C081E /* Sources */,
				FEA5AEF423338D6B000C081E /* Frameworks */,
				FEA5AEF523338D6B000C081E /* Resources */,
				296621ADC1768CAEEDA707BF /* [CP] Embed Pods Frameworks */,
			);
			buildRules = (
			);
			dependencies = (
			);
			name = Animation;
			productName = Animation;
			productReference = FEA5AEF723338D6B000C081E /* Animation.app */;
			productType = "com.apple.product-type.application";
		};
/* End PBXNativeTarget section */

/* Begin PBXProject section */
		FEA5AEEF23338D6B000C081E /* Project object */ = {
			isa = PBXProject;
			attributes = {
				LastSwiftUpdateCheck = 1030;
				LastUpgradeCheck = 1030;
				ORGANIZATIONNAME = "Ryo Hirota";
				TargetAttributes = {
					FEA5AEF623338D6B000C081E = {
						CreatedOnToolsVersion = 10.3;
					};
				};
			};
			buildConfigurationList = FEA5AEF223338D6B000C081E /* Build configuration list for PBXProject "Animation" */;
			compatibilityVersion = "Xcode 9.3";
			developmentRegion = en;
			hasScannedForEncodings = 0;
			knownRegions = (
				en,
				Base,
			);
			mainGroup = FEA5AEEE23338D6B000C081E;
			productRefGroup = FEA5AEF823338D6B000C081E /* Products */;
			projectDirPath = "";
			projectRoot = "";
			targets = (
				FEA5AEF623338D6B000C081E /* Animation */,
			);
		};
/* End PBXProject section */

/* Begin PBXResourcesBuildPhase section */
		FEA5AEF523338D6B000C081E /* Resources */ = {
			isa = PBXResourcesBuildPhase;
			buildActionMask = 2147483647;
			files = (
				FEA5AF0523338D74000C081E /* LaunchScreen.storyboard in Resources */,
				FEA5AF0223338D74000C081E /* Assets.xcassets in Resources */,
				FEA5AF0D23339039000C081E /* 9512-boat.json in Resources */,
				FEA5AF0023338D6B000C081E /* Main.storyboard in Resources */,
			);
			runOnlyForDeploymentPostprocessing = 0;
		};
/* End PBXResourcesBuildPhase section */

/* Begin PBXShellScriptBuildPhase section */
		296621ADC1768CAEEDA707BF /* [CP] Embed Pods Frameworks */ = {
			isa = PBXShellScriptBuildPhase;
			buildActionMask = 2147483647;
			files = (
			);
			inputFileListPaths = (
				"${PODS_ROOT}/Target Support Files/Pods-Animation/Pods-Animation-frameworks-${CONFIGURATION}-input-files.xcfilelist",
			);
			name = "[CP] Embed Pods Frameworks";
			outputFileListPaths = (
				"${PODS_ROOT}/Target Support Files/Pods-Animation/Pods-Animation-frameworks-${CONFIGURATION}-output-files.xcfilelist",
			);
			runOnlyForDeploymentPostprocessing = 0;
			shellPath = /bin/sh;
			shellScript = "\"${PODS_ROOT}/Target Support Files/Pods-Animation/Pods-Animation-frameworks.sh\"\n";
			showEnvVarsInLog = 0;
		};
		6B3ECD7D49DBA62E7BE164DE /* [CP] Check Pods Manifest.lock */ = {
			isa = PBXShellScriptBuildPhase;
			buildActionMask = 2147483647;
			files = (
			);
			inputFileListPaths = (
			);
			inputPaths = (
				"${PODS_PODFILE_DIR_PATH}/Podfile.lock",
				"${PODS_ROOT}/Manifest.lock",
			);
			name = "[CP] Check Pods Manifest.lock";
			outputFileListPaths = (
			);
			outputPaths = (
				"$(DERIVED_FILE_DIR)/Pods-Animation-checkManifestLockResult.txt",
			);
			runOnlyForDeploymentPostprocessing = 0;
			shellPath = /bin/sh;
			shellScript = "diff \"${PODS_PODFILE_DIR_PATH}/Podfile.lock\" \"${PODS_ROOT}/Manifest.lock\" > /dev/null\nif [ $? != 0 ] ; then\n    # print error to STDERR\n    echo \"error: The sandbox is not in sync with the Podfile.lock. Run 'pod install' or update your CocoaPods installation.\" >&2\n    exit 1\nfi\n# This output is used by Xcode 'outputs' to avoid re-running this script phase.\necho \"SUCCESS\" > \"${SCRIPT_OUTPUT_FILE_0}\"\n";
			showEnvVarsInLog = 0;
		};
/* End PBXShellScriptBuildPhase section */

/* Begin PBXSourcesBuildPhase section */
		FEA5AEF323338D6B000C081E /* Sources */ = {
			isa = PBXSourcesBuildPhase;
			buildActionMask = 2147483647;
			files = (
				FEA5AEFD23338D6B000C081E /* ViewController.swift in Sources */,
				FEA5AEFB23338D6B000C081E /* AppDelegate.swift in Sources */,
			);
			runOnlyForDeploymentPostprocessing = 0;
		};
/* End PBXSourcesBuildPhase section */

/* Begin PBXVariantGroup section */
		FEA5AEFE23338D6B000C081E /* Main.storyboard */ = {
			isa = PBXVariantGroup;
			children = (
				FEA5AEFF23338D6B000C081E /* Base */,
			);
			name = Main.storyboard;
			sourceTree = "<group>";
		};
		FEA5AF0323338D74000C081E /* LaunchScreen.storyboard */ = {
			isa = PBXVariantGroup;
			children = (
				FEA5AF0423338D74000C081E /* Base */,
			);
			name = LaunchScreen.storyboard;
			sourceTree = "<group>";
		};
/* End PBXVariantGroup section */

/* Begin XCBuildConfiguration section */
		FEA5AF0723338D74000C081E /* Debug */ = {
			isa = XCBuildConfiguration;
			buildSettings = {
				ALWAYS_SEARCH_USER_PATHS = NO;
				CLANG_ANALYZER_NONNULL = YES;
				CLANG_ANALYZER_NUMBER_OBJECT_CONVERSION = YES_AGGRESSIVE;
				CLANG_CXX_LANGUAGE_STANDARD = "gnu++14";
				CLANG_CXX_LIBRARY = "libc++";
				CLANG_ENABLE_MODULES = YES;
				CLANG_ENABLE_OBJC_ARC = YES;
				CLANG_ENABLE_OBJC_WEAK = YES;
				CLANG_WARN_BLOCK_CAPTURE_AUTORELEASING = YES;
				CLANG_WARN_BOOL_CONVERSION = YES;
				CLANG_WARN_COMMA = YES;
				CLANG_WARN_CONSTANT_CONVERSION = YES;
				CLANG_WARN_DEPRECATED_OBJC_IMPLEMENTATIONS = YES;
				CLANG_WARN_DIRECT_OBJC_ISA_USAGE = YES_ERROR;
				CLANG_WARN_DOCUMENTATION_COMMENTS = YES;
				CLANG_WARN_EMPTY_BODY = YES;
				CLANG_WARN_ENUM_CONVERSION = YES;
				CLANG_WARN_INFINITE_RECURSION = YES;
				CLANG_WARN_INT_CONVERSION = YES;
				CLANG_WARN_NON_LITERAL_NULL_CONVERSION = YES;
				CLANG_WARN_OBJC_IMPLICIT_RETAIN_SELF = YES;
				CLANG_WARN_OBJC_LITERAL_CONVERSION = YES;
				CLANG_WARN_OBJC_ROOT_CLASS = YES_ERROR;
				CLANG_WARN_RANGE_LOOP_ANALYSIS = YES;
				CLANG_WARN_STRICT_PROTOTYPES = YES;
				CLANG_WARN_SUSPICIOUS_MOVE = YES;
				CLANG_WARN_UNGUARDED_AVAILABILITY = YES_AGGRESSIVE;
				CLANG_WARN_UNREACHABLE_CODE = YES;
				CLANG_WARN__DUPLICATE_METHOD_MATCH = YES;
				CODE_SIGN_IDENTITY = "iPhone Developer";
				COPY_PHASE_STRIP = NO;
				DEBUG_INFORMATION_FORMAT = dwarf;
				ENABLE_STRICT_OBJC_MSGSEND = YES;
				ENABLE_TESTABILITY = YES;
				GCC_C_LANGUAGE_STANDARD = gnu11;
				GCC_DYNAMIC_NO_PIC = NO;
				GCC_NO_COMMON_BLOCKS = YES;
				GCC_OPTIMIZATION_LEVEL = 0;
				GCC_PREPROCESSOR_DEFINITIONS = (
					"DEBUG=1",
					"$(inherited)",
				);
				GCC_WARN_64_TO_32_BIT_CONVERSION = YES;
				GCC_WARN_ABOUT_RETURN_TYPE = YES_ERROR;
				GCC_WARN_UNDECLARED_SELECTOR = YES;
				GCC_WARN_UNINITIALIZED_AUTOS = YES_AGGRESSIVE;
				GCC_WARN_UNUSED_FUNCTION = YES;
				GCC_WARN_UNUSED_VARIABLE = YES;
				IPHONEOS_DEPLOYMENT_TARGET = 12.4;
				MTL_ENABLE_DEBUG_INFO = INCLUDE_SOURCE;
				MTL_FAST_MATH = YES;
				ONLY_ACTIVE_ARCH = YES;
				SDKROOT = iphoneos;
				SWIFT_ACTIVE_COMPILATION_CONDITIONS = DEBUG;
				SWIFT_OPTIMIZATION_LEVEL = "-Onone";
			};
			name = Debug;
		};
		FEA5AF0823338D74000C081E /* Release */ = {
			isa = XCBuildConfiguration;
			buildSettings = {
				ALWAYS_SEARCH_USER_PATHS = NO;
				CLANG_ANALYZER_NONNULL = YES;
				CLANG_ANALYZER_NUMBER_OBJECT_CONVERSION = YES_AGGRESSIVE;
				CLANG_CXX_LANGUAGE_STANDARD = "gnu++14";
				CLANG_CXX_LIBRARY = "libc++";
				CLANG_ENABLE_MODULES = YES;
				CLANG_ENABLE_OBJC_ARC = YES;
				CLANG_ENABLE_OBJC_WEAK = YES;
				CLANG_WARN_BLOCK_CAPTURE_AUTORELEASING = YES;
				CLANG_WARN_BOOL_CONVERSION = YES;
				CLANG_WARN_COMMA = YES;
				CLANG_WARN_CONSTANT_CONVERSION = YES;
				CLANG_WARN_DEPRECATED_OBJC_IMPLEMENTATIONS = YES;
				CLANG_WARN_DIRECT_OBJC_ISA_USAGE = YES_ERROR;
				CLANG_WARN_DOCUMENTATION_COMMENTS = YES;
				CLANG_WARN_EMPTY_BODY = YES;
				CLANG_WARN_ENUM_CONVERSION = YES;
				CLANG_WARN_INFINITE_RECURSION = YES;
				CLANG_WARN_INT_CONVERSION = YES;
				CLANG_WARN_NON_LITERAL_NULL_CONVERSION = YES;
				CLANG_WARN_OBJC_IMPLICIT_RETAIN_SELF = YES;
				CLANG_WARN_OBJC_LITERAL_CONVERSION = YES;
				CLANG_WARN_OBJC_ROOT_CLASS = YES_ERROR;
				CLANG_WARN_RANGE_LOOP_ANALYSIS = YES;
				CLANG_WARN_STRICT_PROTOTYPES = YES;
				CLANG_WARN_SUSPICIOUS_MOVE = YES;
				CLANG_WARN_UNGUARDED_AVAILABILITY = YES_AGGRESSIVE;
				CLANG_WARN_UNREACHABLE_CODE = YES;
				CLANG_WARN__DUPLICATE_METHOD_MATCH = YES;
				CODE_SIGN_IDENTITY = "iPhone Developer";
				COPY_PHASE_STRIP = NO;
				DEBUG_INFORMATION_FORMAT = "dwarf-with-dsym";
				ENABLE_NS_ASSERTIONS = NO;
				ENABLE_STRICT_OBJC_MSGSEND = YES;
				GCC_C_LANGUAGE_STANDARD = gnu11;
				GCC_NO_COMMON_BLOCKS = YES;
				GCC_WARN_64_TO_32_BIT_CONVERSION = YES;
				GCC_WARN_ABOUT_RETURN_TYPE = YES_ERROR;
				GCC_WARN_UNDECLARED_SELECTOR = YES;
				GCC_WARN_UNINITIALIZED_AUTOS = YES_AGGRESSIVE;
				GCC_WARN_UNUSED_FUNCTION = YES;
				GCC_WARN_UNUSED_VARIABLE = YES;
				IPHONEOS_DEPLOYMENT_TARGET = 12.4;
				MTL_ENABLE_DEBUG_INFO = NO;
				MTL_FAST_MATH = YES;
				SDKROOT = iphoneos;
				SWIFT_COMPILATION_MODE = wholemodule;
				SWIFT_OPTIMIZATION_LEVEL = "-O";
				VALIDATE_PRODUCT = YES;
			};
			name = Release;
		};
		FEA5AF0A23338D74000C081E /* Debug */ = {
			isa = XCBuildConfiguration;
			baseConfigurationReference = BC9A846A7497F56B8B87CC27 /* Pods-Animation.debug.xcconfig */;
			buildSettings = {
				ASSETCATALOG_COMPILER_APPICON_NAME = AppIcon;
				CODE_SIGN_STYLE = Automatic;
				INFOPLIST_FILE = Animation/Info.plist;
				LD_RUNPATH_SEARCH_PATHS = (
					"$(inherited)",
					"@executable_path/Frameworks",
				);
				PRODUCT_BUNDLE_IDENTIFIER = hirota.project.Animation;
				PRODUCT_NAME = "$(TARGET_NAME)";
				SWIFT_VERSION = 5.0;
				TARGETED_DEVICE_FAMILY = "1,2";
			};
			name = Debug;
		};
		FEA5AF0B23338D74000C081E /* Release */ = {
			isa = XCBuildConfiguration;
			baseConfigurationReference = A58CFC31979A55F965A5F356 /* Pods-Animation.release.xcconfig */;
			buildSettings = {
				ASSETCATALOG_COMPILER_APPICON_NAME = AppIcon;
				CODE_SIGN_STYLE = Automatic;
				INFOPLIST_FILE = Animation/Info.plist;
				LD_RUNPATH_SEARCH_PATHS = (
					"$(inherited)",
					"@executable_path/Frameworks",
				);
				PRODUCT_BUNDLE_IDENTIFIER = hirota.project.Animation;
				PRODUCT_NAME = "$(TARGET_NAME)";
				SWIFT_VERSION = 5.0;
				TARGETED_DEVICE_FAMILY = "1,2";
			};
			name = Release;
		};
/* End XCBuildConfiguration section */

/* Begin XCConfigurationList section */
		FEA5AEF223338D6B000C081E /* Build configuration list for PBXProject "Animation" */ = {
			isa = XCConfigurationList;
			buildConfigurations = (
				FEA5AF0723338D74000C081E /* Debug */,
				FEA5AF0823338D74000C081E /* Release */,
			);
			defaultConfigurationIsVisible = 0;
			defaultConfigurationName = Release;
		};
		FEA5AF0923338D74000C081E /* Build configuration list for PBXNativeTarget "Animation" */ = {
			isa = XCConfigurationList;
			buildConfigurations = (
				FEA5AF0A23338D74000C081E /* Debug */,
				FEA5AF0B23338D74000C081E /* Release */,
			);
			defaultConfigurationIsVisible = 0;
			defaultConfigurationName = Release;
		};
/* End XCConfigurationList section */
	};
	rootObject = FEA5AEEF23338D6B000C081E /* Project object */;
}
